
Microsoft Visual Studio Solution File, Format Version 12.00
# Visual Studio Version 17
VisualStudioVersion = 17.12.35527.113
MinimumVisualStudioVersion = 10.0.40219.1
Project("{FAE04EC0-301F-11D3-BF4B-00C04F79EFBC}") = "ProjectMap.WebApi", "ProjectMap.WebApi\ProjectMap.WebApi.csproj", "{977C502C-8275-4B1D-820E-3FE0E2059658}"
EndProject
Project("{FAE04EC0-301F-11D3-BF4B-00C04F79EFBC}") = "TestProjectWebAPI", "TestProjectWebAPI\TestProjectWebAPI.csproj", "{3010B860-E05A-4BB1-9A8C-1C07D368E620}"
EndProject
Global
	GlobalSection(SolutionConfigurationPlatforms) = preSolution
		Debug|Any CPU = Debug|Any CPU
		Release|Any CPU = Release|Any CPU
	EndGlobalSection
	GlobalSection(ProjectConfigurationPlatforms) = postSolution
		{977C502C-8275-4B1D-820E-3FE0E2059658}.Debug|Any CPU.ActiveCfg = Debug|Any CPU
		{977C502C-8275-4B1D-820E-3FE0E2059658}.Debug|Any CPU.Build.0 = Debug|Any CPU
		{977C502C-8275-4B1D-820E-3FE0E2059658}.Release|Any CPU.ActiveCfg = Release|Any CPU
		{977C502C-8275-4B1D-820E-3FE0E2059658}.Release|Any CPU.Build.0 = Release|Any CPU
		{3010B860-E05A-4BB1-9A8C-1C07D368E620}.Debug|Any CPU.ActiveCfg = Debug|Any CPU
		{3010B860-E05A-4BB1-9A8C-1C07D368E620}.Debug|Any CPU.Build.0 = Debug|Any CPU
		{3010B860-E05A-4BB1-9A8C-1C07D368E620}.Release|Any CPU.ActiveCfg = Release|Any CPU
		{3010B860-E05A-4BB1-9A8C-1C07D368E620}.Release|Any CPU.Build.0 = Release|Any CPU
	EndGlobalSection
	GlobalSection(SolutionProperties) = preSolution
		HideSolutionNode = FALSE
	EndGlobalSection
EndGlobal
